
Microsoft Visual Studio Solution File, Format Version 12.00
# Visual Studio Version 17
VisualStudioVersion = 17.10.34928.147
MinimumVisualStudioVersion = 10.0.40219.1
Project("{9A19103F-16F7-4668-BE54-9A1E7A4F7556}") = "RollCall", "RollCall.csproj", "{BF4E6621-DCFF-4F5B-ACE4-26CB9961381C}"
EndProject
Global
	GlobalSection(SolutionConfigurationPlatforms) = preSolution
		Debug|Any CPU = Debug|Any CPU
		Release|Any CPU = Release|Any CPU
	EndGlobalSection
	GlobalSection(ProjectConfigurationPlatforms) = postSolution
		{BF4E6621-DCFF-4F5B-ACE4-26CB9961381C}.Debug|Any CPU.ActiveCfg = Debug|Any CPU
		{BF4E6621-DCFF-4F5B-ACE4-26CB9961381C}.Debug|Any CPU.Build.0 = Debug|Any CPU
		{BF4E6621-DCFF-4F5B-ACE4-26CB9961381C}.Release|Any CPU.ActiveCfg = Release|Any CPU
		{BF4E6621-DCFF-4F5B-ACE4-26CB9961381C}.Release|Any CPU.Build.0 = Release|Any CPU
	EndGlobalSection
	GlobalSection(SolutionProperties) = preSolution
		HideSolutionNode = FALSE
	EndGlobalSection
	GlobalSection(ExtensibilityGlobals) = postSolution
		SolutionGuid = {BC1C9F7F-1F51-40B8-9403-5650908498D9}
	EndGlobalSection
EndGlobal
